# THIS IS AN AUTOGENERATED FILE. DO NOT EDIT THIS FILE DIRECTLY.
# yarn lockfile v1


download-file@^0.1.5:
  version "0.1.5"
  resolved "https://registry.yarnpkg.com/download-file/-/download-file-0.1.5.tgz#ca50ba64d9094b0c8702ef9fff92d2189e141117"
  integrity sha512-cTeC3HGeUdoxKmlWhcNwrCI19kb+WVcJBif1quxIeGmC91FkJzBQuHiQm25uOawV3t33JPthA6yl+f84ofn8UQ==
  dependencies:
    mkdirp "^0.5.0"

minimist@^1.2.6:
  version "1.2.6"
  resolved "https://registry.yarnpkg.com/minimist/-/minimist-1.2.6.tgz#8637a5b759ea0d6e98702cfb3a9283323c93af44"
  integrity sha512-Jsjnk4bw3YJqYzbdyBiNsPWHPfO++UGG749Cxs6peCu5Xg4nrena6OVxOYxrQTqww0Jmwt+Ref8rggumkTLz9Q==

mkdirp@^0.5.0:
  version "0.5.6"
  resolved "https://registry.yarnpkg.com/mkdirp/-/mkdirp-0.5.6.tgz#7def03d2432dcae4ba1d611445c48396062255f6"
  integrity sha512-FP+p8RB8OWpF3YZBCrP5gtADmtXApB5AMLn+vdyA+PyxCjrCs00mjyUozssO33cwDeT3wNGdLxJ5M//YqtHAJw==
  dependencies:
    minimist "^1.2.6"
