# THIS IS AN AUTOGENERATED FILE. DO NOT EDIT THIS FILE DIRECTLY.
# yarn lockfile v1


"@types/adm-zip@^0.5.0":
  version "0.5.0"
  resolved "https://registry.yarnpkg.com/@types/adm-zip/-/adm-zip-0.5.0.tgz#94c90a837ce02e256c7c665a6a1eb295906333c1"
  integrity sha512-FCJBJq9ODsQZUNURo5ILAQueuA8WJhRvuihS3ke2iI25mJlfV2LK8jG2Qj2z2AWg8U0FtWWqBHVRetceLskSaw==
  dependencies:
    "@types/node" "*"

"@types/node@*":
  version "18.11.18"
  resolved "https://registry.yarnpkg.com/@types/node/-/node-18.11.18.tgz#8dfb97f0da23c2293e554c5a50d61ef134d7697f"
  integrity sha512-DHQpWGjyQKSHj3ebjFI/wRKcqQcdR+MoFBygntYOZytCqNfkd2ZC4ARDJ2DQqhjH5p85Nnd3jhUJIXrszFX/JA==

adm-zip@^0.5.10:
  version "0.5.10"
  resolved "https://registry.yarnpkg.com/adm-zip/-/adm-zip-0.5.10.tgz#4a51d5ab544b1f5ce51e1b9043139b639afff45b"
  integrity sha512-x0HvcHqVJNTPk/Bw8JbLWlWoo6Wwnsug0fnYYro1HBrjxZ3G7/AZk7Ahv8JwDe1uIcz8eBqvu86FuF1POiG7vQ==

original-fs@^1.2.0:
  version "1.2.0"
  resolved "https://registry.yarnpkg.com/original-fs/-/original-fs-1.2.0.tgz#ea6c5117ee71fe6a9f809130de0590676370b5e8"
  integrity sha512-IGo+qFumpIV65oDchJrqL0BOk9kr82fObnTesNJt8t3YgP6vfqcmRs0ofPzg3D9PKMeBHt7lrg1k/6L+oFdS8g==
